
Microsoft Visual Studio Solution File, Format Version 12.00
# Visual Studio Version 17
VisualStudioVersion = 17.9.34622.214
MinimumVisualStudioVersion = 10.0.40219.1
Project("{FAE04EC0-301F-11D3-BF4B-00C04F79EFBC}") = "Builder_Pattern", "Builder_Pattern\Builder_Pattern.csproj", "{FF00BA15-9A18-4EE7-A89A-051E5EA19FB3}"
EndProject
Global
	GlobalSection(SolutionConfigurationPlatforms) = preSolution
		Debug|Any CPU = Debug|Any CPU
		Release|Any CPU = Release|Any CPU
	EndGlobalSection
	GlobalSection(ProjectConfigurationPlatforms) = postSolution
		{FF00BA15-9A18-4EE7-A89A-051E5EA19FB3}.Debug|Any CPU.ActiveCfg = Debug|Any CPU
		{FF00BA15-9A18-4EE7-A89A-051E5EA19FB3}.Debug|Any CPU.Build.0 = Debug|Any CPU
		{FF00BA15-9A18-4EE7-A89A-051E5EA19FB3}.Release|Any CPU.ActiveCfg = Release|Any CPU
		{FF00BA15-9A18-4EE7-A89A-051E5EA19FB3}.Release|Any CPU.Build.0 = Release|Any CPU
	EndGlobalSection
	GlobalSection(SolutionProperties) = preSolution
		HideSolutionNode = FALSE
	EndGlobalSection
	GlobalSection(ExtensibilityGlobals) = postSolution
		SolutionGuid = {C91C1067-917B-41EC-B13D-3BF5DA8C76B4}
	EndGlobalSection
EndGlobal
